
Microsoft Visual Studio Solution File, Format Version 12.00
# Visual Studio 14
VisualStudioVersion = 14.0.25420.1
MinimumVisualStudioVersion = 10.0.40219.1
Project("{FAE04EC0-301F-11D3-BF4B-00C04F79EFBC}") = "ProyectoPregunta", "ProyectoPregunta\ProyectoPregunta.csproj", "{9730376A-888A-4B75-90AC-59955E742D79}"
EndProject
Project("{2150E333-8FDC-42A3-9474-1A3956D46DE8}") = "Libreria", "Libreria", "{906C96B1-B749-4FE2-80E5-0D19308FF496}"
	ProjectSection(SolutionItems) = preProject
		..\DLL\Iesi.Collections.dll = ..\DLL\Iesi.Collections.dll
		..\DLL\NHibernate.dll = ..\DLL\NHibernate.dll
	EndProjectSection
EndProject
Global
	GlobalSection(SolutionConfigurationPlatforms) = preSolution
		Debug|Any CPU = Debug|Any CPU
		Release|Any CPU = Release|Any CPU
	EndGlobalSection
	GlobalSection(ProjectConfigurationPlatforms) = postSolution
		{9730376A-888A-4B75-90AC-59955E742D79}.Debug|Any CPU.ActiveCfg = Debug|Any CPU
		{9730376A-888A-4B75-90AC-59955E742D79}.Debug|Any CPU.Build.0 = Debug|Any CPU
		{9730376A-888A-4B75-90AC-59955E742D79}.Release|Any CPU.ActiveCfg = Release|Any CPU
		{9730376A-888A-4B75-90AC-59955E742D79}.Release|Any CPU.Build.0 = Release|Any CPU
	EndGlobalSection
	GlobalSection(SolutionProperties) = preSolution
		HideSolutionNode = FALSE
	EndGlobalSection
EndGlobal
